github.com/deckarep/golang-set/v2 v2.7.0 h1:gIloKvD7yH2oip4VLhsv3JyLLFnC0Y2mlusgcvJYW5k=
github.com/deckarep/golang-set/v2 v2.7.0/go.mod h1:VAky9rY/yGXJOLEDv3OMci+7wtDpOF4IN+y82NBOac4=
github.com/magiconair/properties v1.8.9 h1:nWcCbLq1N2v/cpNsy5WvQ37Fb+YElfq20WJ/a8RkpQM=
github.com/magiconair/properties v1.8.9/go.mod h1:Dhd985XPs7jluiymwWYZ0G4Z61jb3vdS329zhj2hYo0=
github.com/tevino/abool/v2 v2.1.0 h1:7w+Vf9f/5gmKT4m4qkayb33/92M+Um45F2BkHOR+L/c=
github.com/tevino/abool/v2 v2.1.0/go.mod h1:+Lmlqk6bHDWHqN1cbxqhwEAwMPXgc8I1SDEamtseuXY=
github.com/veandco/go-sdl2 v0.4.40 h1:fZv6wC3zz1Xt167P09gazawnpa0KY5LM7JAvKpX9d/U=
github.com/veandco/go-sdl2 v0.4.40/go.mod h1:OROqMhHD43nT4/i9crJukyVecjPNYYuCofep6SNiAjY=
github.com/vulkan-go/asche v0.0.0-20190912134304-d4b318b67e07 h1:QIXP1nx5b+YZt1cKDP5SR/89tRXrLxWslBBFBvH/+Y0=
github.com/vulkan-go/asche v0.0.0-20190912134304-d4b318b67e07/go.mod h1:fIbNY6YffQRtdF22h26OXRprI/BGOWPKlxJWtNC78OA=
github.com/vulkan-go/vulkan v0.0.0-20221209234627-c0a353ae26c8 h1:qPHDyQTLtn40kezY6y4UL7bH7Z0Im9wSu1tQtM2wbUU=
github.com/vulkan-go/vulkan v0.0.0-20221209234627-c0a353ae26c8/go.mod h1:Y5Ti1uUBdKDsb0W8aPtIo9krs+29Y7p6Bc9yyy4AM6g=
github.com/xlab/closer v0.0.0-20190328110542-03326addb7c2 h1:LPYwXwwHigHHFX3SFa9W9zBIa5reyaLJos2e95eHh68=
github.com/xlab/closer v0.0.0-20190328110542-03326addb7c2/go.mod h1:Y8IYP9aVODN3Vnw1FCqygCG5IWyYBeBlZqQ5aX+fHFw=
github.com/xlab/linmath v0.0.0-20220922225318-40b6290c3b40 h1:FmU7+0eD5GaZzxlbNxVMiC7th7/7qHtskrkWt0ltFkU=
github.com/xlab/linmath v0.0.0-20220922225318-40b6290c3b40/go.mod h1:W1rLjlRa7JX2fcoZ4tb3ZkxuwI6pEX/JkDLPxe1/R1g=
